// !$*UTF8*$!
{
	archiveVersion = 1;
	classes = {
	};
	objectVersion = 46;
	objects = {

/* Begin PBXBuildFile section */
		D292DADF1A4AA7E5006268E9 /* AppDelegate.swift in Sources */ = {isa = PBXBuildFile; fileRef = D292DADE1A4AA7E5006268E9 /* AppDelegate.swift */; };
		D292DAE11A4AA7E5006268E9 /* ViewController.swift in Sources */ = {isa = PBXBuildFile; fileRef = D292DAE01A4AA7E5006268E9 /* ViewController.swift */; };
		D292DAE41A4AA7E5006268E9 /* Main.storyboard in Resources */ = {isa = PBXBuildFile; fileRef = D292DAE21A4AA7E5006268E9 /* Main.storyboard */; };
		D292DAE61A4AA7E5006268E9 /* Images.xcassets in Resources */ = {isa = PBXBuildFile; fileRef = D292DAE51A4AA7E5006268E9 /* Images.xcassets */; };
		D292DAE91A4AA7E5006268E9 /* LaunchScreen.xib in Resources */ = {isa = PBXBuildFile; fileRef = D292DAE71A4AA7E5006268E9 /* LaunchScreen.xib */; };
		D292DAF51A4AA7E5006268E9 /* PKNotificationTests.swift in Sources */ = {isa = PBXBuildFile; fileRef = D292DAF41A4AA7E5006268E9 /* PKNotificationTests.swift */; };
		D292DB001A4AA9FB006268E9 /* PKNotification.swift in Sources */ = {isa = PBXBuildFile; fileRef = D292DAFF1A4AA9FB006268E9 /* PKNotification.swift */; };
		D2FE3FF01A4C41B500C915A0 /* Toast.png in Resources */ = {isa = PBXBuildFile; fileRef = D2FE3FEF1A4C41B500C915A0 /* Toast.png */; };
		D2FE3FF21A4C41C900C915A0 /* Loading.png in Resources */ = {isa = PBXBuildFile; fileRef = D2FE3FF11A4C41C900C915A0 /* Loading.png */; };
		D2FE3FF61A4C41E000C915A0 /* Failed.png in Resources */ = {isa = PBXBuildFile; fileRef = D2FE3FF51A4C41E000C915A0 /* Failed.png */; };
		D2FE3FF81A4C41F500C915A0 /* Success.png in Resources */ = {isa = PBXBuildFile; fileRef = D2FE3FF71A4C41F500C915A0 /* Success.png */; };
/* End PBXBuildFile section */

/* Begin PBXContainerItemProxy section */
		D292DAEF1A4AA7E5006268E9 /* PBXContainerItemProxy */ = {
			isa = PBXContainerItemProxy;
			containerPortal = D292DAD11A4AA7E5006268E9 /* Project object */;
			proxyType = 1;
			remoteGlobalIDString = D292DAD81A4AA7E5006268E9;
			remoteInfo = PKNotification;
		};
/* End PBXContainerItemProxy section */

/* Begin PBXFileReference section */
		D292DAD91A4AA7E5006268E9 /* PKNotification.app */ = {isa = PBXFileReference; explicitFileType = wrapper.application; includeInIndex = 0; path = PKNotification.app; sourceTree = BUILT_PRODUCTS_DIR; };
		D292DADD1A4AA7E5006268E9 /* Info.plist */ = {isa = PBXFileReference; lastKnownFileType = text.plist.xml; path = Info.plist; sourceTree = "<group>"; };
		D292DADE1A4AA7E5006268E9 /* AppDelegate.swift */ = {isa = PBXFileReference; lastKnownFileType = sourcecode.swift; path = AppDelegate.swift; sourceTree = "<group>"; };
		D292DAE01A4AA7E5006268E9 /* ViewController.swift */ = {isa = PBXFileReference; lastKnownFileType = sourcecode.swift; path = ViewController.swift; sourceTree = "<group>"; };
		D292DAE31A4AA7E5006268E9 /* Base */ = {isa = PBXFileReference; lastKnownFileType = file.storyboard; name = Base; path = Base.lproj/Main.storyboard; sourceTree = "<group>"; };
		D292DAE51A4AA7E5006268E9 /* Images.xcassets */ = {isa = PBXFileReference; lastKnownFileType = folder.assetcatalog; path = Images.xcassets; sourceTree = "<group>"; };
		D292DAE81A4AA7E5006268E9 /* Base */ = {isa = PBXFileReference; lastKnownFileType = file.xib; name = Base; path = Base.lproj/LaunchScreen.xib; sourceTree = "<group>"; };
		D292DAEE1A4AA7E5006268E9 /* PKNotificationTests.xctest */ = {isa = PBXFileReference; explicitFileType = wrapper.cfbundle; includeInIndex = 0; path = PKNotificationTests.xctest; sourceTree = BUILT_PRODUCTS_DIR; };
		D292DAF31A4AA7E5006268E9 /* Info.plist */ = {isa = PBXFileReference; lastKnownFileType = text.plist.xml; path = Info.plist; sourceTree = "<group>"; };
		D292DAF41A4AA7E5006268E9 /* PKNotificationTests.swift */ = {isa = PBXFileReference; lastKnownFileType = sourcecode.swift; path = PKNotificationTests.swift; sourceTree = "<group>"; };
		D292DAFF1A4AA9FB006268E9 /* PKNotification.swift */ = {isa = PBXFileReference; fileEncoding = 4; lastKnownFileType = sourcecode.swift; path = PKNotification.swift; sourceTree = "<group>"; };
		D2FE3FEF1A4C41B500C915A0 /* Toast.png */ = {isa = PBXFileReference; lastKnownFileType = image.png; path = Toast.png; sourceTree = "<group>"; };
		D2FE3FF11A4C41C900C915A0 /* Loading.png */ = {isa = PBXFileReference; lastKnownFileType = image.png; path = Loading.png; sourceTree = "<group>"; };
		D2FE3FF51A4C41E000C915A0 /* Failed.png */ = {isa = PBXFileReference; lastKnownFileType = image.png; path = Failed.png; sourceTree = "<group>"; };
		D2FE3FF71A4C41F500C915A0 /* Success.png */ = {isa = PBXFileReference; lastKnownFileType = image.png; path = Success.png; sourceTree = "<group>"; };
/* End PBXFileReference section */

/* Begin PBXFrameworksBuildPhase section */
		D292DAD61A4AA7E5006268E9 /* Frameworks */ = {
			isa = PBXFrameworksBuildPhase;
			buildActionMask = 2147483647;
			files = (
			);
			runOnlyForDeploymentPostprocessing = 0;
		};
		D292DAEB1A4AA7E5006268E9 /* Frameworks */ = {
			isa = PBXFrameworksBuildPhase;
			buildActionMask = 2147483647;
			files = (
			);
			runOnlyForDeploymentPostprocessing = 0;
		};
/* End PBXFrameworksBuildPhase section */

/* Begin PBXGroup section */
		D292DAD01A4AA7E5006268E9 = {
			isa = PBXGroup;
			children = (
				D292DAFE1A4AA978006268E9 /* PKNotification */,
				D292DADB1A4AA7E5006268E9 /* PKNotificationExample */,
				D292DAF11A4AA7E5006268E9 /* PKNotificationTests */,
				D292DADA1A4AA7E5006268E9 /* Products */,
			);
			sourceTree = "<group>";
		};
		D292DADA1A4AA7E5006268E9 /* Products */ = {
			isa = PBXGroup;
			children = (
				D292DAD91A4AA7E5006268E9 /* PKNotification.app */,
				D292DAEE1A4AA7E5006268E9 /* PKNotificationTests.xctest */,
			);
			name = Products;
			sourceTree = "<group>";
		};
		D292DADB1A4AA7E5006268E9 /* PKNotificationExample */ = {
			isa = PBXGroup;
			children = (
				D292DADE1A4AA7E5006268E9 /* AppDelegate.swift */,
				D292DAE01A4AA7E5006268E9 /* ViewController.swift */,
				D292DAE21A4AA7E5006268E9 /* Main.storyboard */,
				D292DAE51A4AA7E5006268E9 /* Images.xcassets */,
				D292DAE71A4AA7E5006268E9 /* LaunchScreen.xib */,
				D292DADC1A4AA7E5006268E9 /* Supporting Files */,
			);
			path = PKNotificationExample;
			sourceTree = "<group>";
		};
		D292DADC1A4AA7E5006268E9 /* Supporting Files */ = {
			isa = PBXGroup;
			children = (
				D2FE3FF71A4C41F500C915A0 /* Success.png */,
				D2FE3FF51A4C41E000C915A0 /* Failed.png */,
				D2FE3FF11A4C41C900C915A0 /* Loading.png */,
				D2FE3FEF1A4C41B500C915A0 /* Toast.png */,
				D292DADD1A4AA7E5006268E9 /* Info.plist */,
			);
			name = "Supporting Files";
			sourceTree = "<group>";
		};
		D292DAF11A4AA7E5006268E9 /* PKNotificationTests */ = {
			isa = PBXGroup;
			children = (
				D292DAF41A4AA7E5006268E9 /* PKNotificationTests.swift */,
				D292DAF21A4AA7E5006268E9 /* Supporting Files */,
			);
			path = PKNotificationTests;
			sourceTree = "<group>";
		};
		D292DAF21A4AA7E5006268E9 /* Supporting Files */ = {
			isa = PBXGroup;
			children = (
				D292DAF31A4AA7E5006268E9 /* Info.plist */,
			);
			name = "Supporting Files";
			sourceTree = "<group>";
		};
		D292DAFE1A4AA978006268E9 /* PKNotification */ = {
			isa = PBXGroup;
			children = (
				D292DAFF1A4AA9FB006268E9 /* PKNotification.swift */,
			);
			path = PKNotification;
			sourceTree = "<group>";
		};
/* End PBXGroup section */

/* Begin PBXNativeTarget section */
		D292DAD81A4AA7E5006268E9 /* PKNotification */ = {
			isa = PBXNativeTarget;
			buildConfigurationList = D292DAF81A4AA7E5006268E9 /* Build configuration list for PBXNativeTarget "PKNotification" */;
			buildPhases = (
				D292DAD51A4AA7E5006268E9 /* Sources */,
				D292DAD61A4AA7E5006268E9 /* Frameworks */,
				D292DAD71A4AA7E5006268E9 /* Resources */,
			);
			buildRules = (
			);
			dependencies = (
			);
			name = PKNotification;
			productName = PKNotification;
			productReference = D292DAD91A4AA7E5006268E9 /* PKNotification.app */;
			productType = "com.apple.product-type.application";
		};
		D292DAED1A4AA7E5006268E9 /* PKNotificationTests */ = {
			isa = PBXNativeTarget;
			buildConfigurationList = D292DAFB1A4AA7E5006268E9 /* Build configuration list for PBXNativeTarget "PKNotificationTests" */;
			buildPhases = (
				D292DAEA1A4AA7E5006268E9 /* Sources */,
				D292DAEB1A4AA7E5006268E9 /* Frameworks */,
				D292DAEC1A4AA7E5006268E9 /* Resources */,
			);
			buildRules = (
			);
			dependencies = (
				D292DAF01A4AA7E5006268E9 /* PBXTargetDependency */,
			);
			name = PKNotificationTests;
			productName = PKNotificationTests;
			productReference = D292DAEE1A4AA7E5006268E9 /* PKNotificationTests.xctest */;
			productType = "com.apple.product-type.bundle.unit-test";
		};
/* End PBXNativeTarget section */

/* Begin PBXProject section */
		D292DAD11A4AA7E5006268E9 /* Project object */ = {
			isa = PBXProject;
			attributes = {
				LastUpgradeCheck = 0610;
				ORGANIZATIONNAME = hakopako;
				TargetAttributes = {
					D292DAD81A4AA7E5006268E9 = {
						CreatedOnToolsVersion = 6.1;
					};
					D292DAED1A4AA7E5006268E9 = {
						CreatedOnToolsVersion = 6.1;
						TestTargetID = D292DAD81A4AA7E5006268E9;
					};
				};
			};
			buildConfigurationList = D292DAD41A4AA7E5006268E9 /* Build configuration list for PBXProject "PKNotification" */;
			compatibilityVersion = "Xcode 3.2";
			developmentRegion = English;
			hasScannedForEncodings = 0;
			knownRegions = (
				en,
				Base,
			);
			mainGroup = D292DAD01A4AA7E5006268E9;
			productRefGroup = D292DADA1A4AA7E5006268E9 /* Products */;
			projectDirPath = "";
			projectRoot = "";
			targets = (
				D292DAD81A4AA7E5006268E9 /* PKNotification */,
				D292DAED1A4AA7E5006268E9 /* PKNotificationTests */,
			);
		};
/* End PBXProject section */

/* Begin PBXResourcesBuildPhase section */
		D292DAD71A4AA7E5006268E9 /* Resources */ = {
			isa = PBXResourcesBuildPhase;
			buildActionMask = 2147483647;
			files = (
				D2FE3FF21A4C41C900C915A0 /* Loading.png in Resources */,
				D292DAE41A4AA7E5006268E9 /* Main.storyboard in Resources */,
				D292DAE91A4AA7E5006268E9 /* LaunchScreen.xib in Resources */,
				D292DAE61A4AA7E5006268E9 /* Images.xcassets in Resources */,
				D2FE3FF01A4C41B500C915A0 /* Toast.png in Resources */,
				D2FE3FF81A4C41F500C915A0 /* Success.png in Resources */,
				D2FE3FF61A4C41E000C915A0 /* Failed.png in Resources */,
			);
			runOnlyForDeploymentPostprocessing = 0;
		};
		D292DAEC1A4AA7E5006268E9 /* Resources */ = {
			isa = PBXResourcesBuildPhase;
			buildActionMask = 2147483647;
			files = (
			);
			runOnlyForDeploymentPostprocessing = 0;
		};
/* End PBXResourcesBuildPhase section */

/* Begin PBXSourcesBuildPhase section */
		D292DAD51A4AA7E5006268E9 /* Sources */ = {
			isa = PBXSourcesBuildPhase;
			buildActionMask = 2147483647;
			files = (
				D292DAE11A4AA7E5006268E9 /* ViewController.swift in Sources */,
				D292DADF1A4AA7E5006268E9 /* AppDelegate.swift in Sources */,
				D292DB001A4AA9FB006268E9 /* PKNotification.swift in Sources */,
			);
			runOnlyForDeploymentPostprocessing = 0;
		};
		D292DAEA1A4AA7E5006268E9 /* Sources */ = {
			isa = PBXSourcesBuildPhase;
			buildActionMask = 2147483647;
			files = (
				D292DAF51A4AA7E5006268E9 /* PKNotificationTests.swift in Sources */,
			);
			runOnlyForDeploymentPostprocessing = 0;
		};
/* End PBXSourcesBuildPhase section */

/* Begin PBXTargetDependency section */
		D292DAF01A4AA7E5006268E9 /* PBXTargetDependency */ = {
			isa = PBXTargetDependency;
			target = D292DAD81A4AA7E5006268E9 /* PKNotification */;
			targetProxy = D292DAEF1A4AA7E5006268E9 /* PBXContainerItemProxy */;
		};
/* End PBXTargetDependency section */

/* Begin PBXVariantGroup section */
		D292DAE21A4AA7E5006268E9 /* Main.storyboard */ = {
			isa = PBXVariantGroup;
			children = (
				D292DAE31A4AA7E5006268E9 /* Base */,
			);
			name = Main.storyboard;
			sourceTree = "<group>";
		};
		D292DAE71A4AA7E5006268E9 /* LaunchScreen.xib */ = {
			isa = PBXVariantGroup;
			children = (
				D292DAE81A4AA7E5006268E9 /* Base */,
			);
			name = LaunchScreen.xib;
			sourceTree = "<group>";
		};
/* End PBXVariantGroup section */

/* Begin XCBuildConfiguration section */
		D292DAF61A4AA7E5006268E9 /* Debug */ = {
			isa = XCBuildConfiguration;
			buildSettings = {
				ALWAYS_SEARCH_USER_PATHS = NO;
				CLANG_CXX_LANGUAGE_STANDARD = "gnu++0x";
				CLANG_CXX_LIBRARY = "libc++";
				CLANG_ENABLE_MODULES = YES;
				CLANG_ENABLE_OBJC_ARC = YES;
				CLANG_WARN_BOOL_CONVERSION = YES;
				CLANG_WARN_CONSTANT_CONVERSION = YES;
				CLANG_WARN_DIRECT_OBJC_ISA_USAGE = YES_ERROR;
				CLANG_WARN_EMPTY_BODY = YES;
				CLANG_WARN_ENUM_CONVERSION = YES;
				CLANG_WARN_INT_CONVERSION = YES;
				CLANG_WARN_OBJC_ROOT_CLASS = YES_ERROR;
				CLANG_WARN_UNREACHABLE_CODE = YES;
				CLANG_WARN__DUPLICATE_METHOD_MATCH = YES;
				"CODE_SIGN_IDENTITY[sdk=iphoneos*]" = "iPhone Developer";
				COPY_PHASE_STRIP = NO;
				ENABLE_STRICT_OBJC_MSGSEND = YES;
				GCC_C_LANGUAGE_STANDARD = gnu99;
				GCC_DYNAMIC_NO_PIC = NO;
				GCC_OPTIMIZATION_LEVEL = 0;
				GCC_PREPROCESSOR_DEFINITIONS = (
					"DEBUG=1",
					"$(inherited)",
				);
				GCC_SYMBOLS_PRIVATE_EXTERN = NO;
				GCC_WARN_64_TO_32_BIT_CONVERSION = YES;
				GCC_WARN_ABOUT_RETURN_TYPE = YES_ERROR;
				GCC_WARN_UNDECLARED_SELECTOR = YES;
				GCC_WARN_UNINITIALIZED_AUTOS = YES_AGGRESSIVE;
				GCC_WARN_UNUSED_FUNCTION = YES;
				GCC_WARN_UNUSED_VARIABLE = YES;
				IPHONEOS_DEPLOYMENT_TARGET = 8.1;
				MTL_ENABLE_DEBUG_INFO = YES;
				ONLY_ACTIVE_ARCH = YES;
				SDKROOT = iphoneos;
				SWIFT_OPTIMIZATION_LEVEL = "-Onone";
				TARGETED_DEVICE_FAMILY = "1,2";
			};
			name = Debug;
		};
		D292DAF71A4AA7E5006268E9 /* Release */ = {
			isa = XCBuildConfiguration;
			buildSettings = {
				ALWAYS_SEARCH_USER_PATHS = NO;
				CLANG_CXX_LANGUAGE_STANDARD = "gnu++0x";
				CLANG_CXX_LIBRARY = "libc++";
				CLANG_ENABLE_MODULES = YES;
				CLANG_ENABLE_OBJC_ARC = YES;
				CLANG_WARN_BOOL_CONVERSION = YES;
				CLANG_WARN_CONSTANT_CONVERSION = YES;
				CLANG_WARN_DIRECT_OBJC_ISA_USAGE = YES_ERROR;
				CLANG_WARN_EMPTY_BODY = YES;
				CLANG_WARN_ENUM_CONVERSION = YES;
				CLANG_WARN_INT_CONVERSION = YES;
				CLANG_WARN_OBJC_ROOT_CLASS = YES_ERROR;
				CLANG_WARN_UNREACHABLE_CODE = YES;
				CLANG_WARN__DUPLICATE_METHOD_MATCH = YES;
				"CODE_SIGN_IDENTITY[sdk=iphoneos*]" = "iPhone Developer";
				COPY_PHASE_STRIP = YES;
				ENABLE_NS_ASSERTIONS = NO;
				ENABLE_STRICT_OBJC_MSGSEND = YES;
				GCC_C_LANGUAGE_STANDARD = gnu99;
				GCC_WARN_64_TO_32_BIT_CONVERSION = YES;
				GCC_WARN_ABOUT_RETURN_TYPE = YES_ERROR;
				GCC_WARN_UNDECLARED_SELECTOR = YES;
				GCC_WARN_UNINITIALIZED_AUTOS = YES_AGGRESSIVE;
				GCC_WARN_UNUSED_FUNCTION = YES;
				GCC_WARN_UNUSED_VARIABLE = YES;
				IPHONEOS_DEPLOYMENT_TARGET = 8.1;
				MTL_ENABLE_DEBUG_INFO = NO;
				SDKROOT = iphoneos;
				TARGETED_DEVICE_FAMILY = "1,2";
				VALIDATE_PRODUCT = YES;
			};
			name = Release;
		};
		D292DAF91A4AA7E5006268E9 /* Debug */ = {
			isa = XCBuildConfiguration;
			buildSettings = {
				ASSETCATALOG_COMPILER_APPICON_NAME = AppIcon;
				INFOPLIST_FILE = "$(SRCROOT)/PKNotificationExample/Info.plist";
				IPHONEOS_DEPLOYMENT_TARGET = 7.0;
				LD_RUNPATH_SEARCH_PATHS = "$(inherited) @executable_path/Frameworks";
				PRODUCT_NAME = "$(TARGET_NAME)";
			};
			name = Debug;
		};
		D292DAFA1A4AA7E5006268E9 /* Release */ = {
			isa = XCBuildConfiguration;
			buildSettings = {
				ASSETCATALOG_COMPILER_APPICON_NAME = AppIcon;
				INFOPLIST_FILE = "$(SRCROOT)/PKNotificationExample/Info.plist";
				IPHONEOS_DEPLOYMENT_TARGET = 7.0;
				LD_RUNPATH_SEARCH_PATHS = "$(inherited) @executable_path/Frameworks";
				PRODUCT_NAME = "$(TARGET_NAME)";
			};
			name = Release;
		};
		D292DAFC1A4AA7E5006268E9 /* Debug */ = {
			isa = XCBuildConfiguration;
			buildSettings = {
				BUNDLE_LOADER = "$(TEST_HOST)";
				FRAMEWORK_SEARCH_PATHS = (
					"$(SDKROOT)/Developer/Library/Frameworks",
					"$(inherited)",
				);
				GCC_PREPROCESSOR_DEFINITIONS = (
					"DEBUG=1",
					"$(inherited)",
				);
				INFOPLIST_FILE = PKNotificationTests/Info.plist;
				LD_RUNPATH_SEARCH_PATHS = "$(inherited) @executable_path/Frameworks @loader_path/Frameworks";
				PRODUCT_NAME = "$(TARGET_NAME)";
				TEST_HOST = "$(BUILT_PRODUCTS_DIR)/PKNotification.app/PKNotification";
			};
			name = Debug;
		};
		D292DAFD1A4AA7E5006268E9 /* Release */ = {
			isa = XCBuildConfiguration;
			buildSettings = {
				BUNDLE_LOADER = "$(TEST_HOST)";
				FRAMEWORK_SEARCH_PATHS = (
					"$(SDKROOT)/Developer/Library/Frameworks",
					"$(inherited)",
				);
				INFOPLIST_FILE = PKNotificationTests/Info.plist;
				LD_RUNPATH_SEARCH_PATHS = "$(inherited) @executable_path/Frameworks @loader_path/Frameworks";
				PRODUCT_NAME = "$(TARGET_NAME)";
				TEST_HOST = "$(BUILT_PRODUCTS_DIR)/PKNotification.app/PKNotification";
			};
			name = Release;
		};
/* End XCBuildConfiguration section */

/* Begin XCConfigurationList section */
		D292DAD41A4AA7E5006268E9 /* Build configuration list for PBXProject "PKNotification" */ = {
			isa = XCConfigurationList;
			buildConfigurations = (
				D292DAF61A4AA7E5006268E9 /* Debug */,
				D292DAF71A4AA7E5006268E9 /* Release */,
			);
			defaultConfigurationIsVisible = 0;
			defaultConfigurationName = Release;
		};
		D292DAF81A4AA7E5006268E9 /* Build configuration list for PBXNativeTarget "PKNotification" */ = {
			isa = XCConfigurationList;
			buildConfigurations = (
				D292DAF91A4AA7E5006268E9 /* Debug */,
				D292DAFA1A4AA7E5006268E9 /* Release */,
			);
			defaultConfigurationIsVisible = 0;
			defaultConfigurationName = Release;
		};
		D292DAFB1A4AA7E5006268E9 /* Build configuration list for PBXNativeTarget "PKNotificationTests" */ = {
			isa = XCConfigurationList;
			buildConfigurations = (
				D292DAFC1A4AA7E5006268E9 /* Debug */,
				D292DAFD1A4AA7E5006268E9 /* Release */,
			);
			defaultConfigurationIsVisible = 0;
			defaultConfigurationName = Release;
		};
/* End XCConfigurationList section */
	};
	rootObject = D292DAD11A4AA7E5006268E9 /* Project object */;
}
