// !$*UTF8*$!
{
	archiveVersion = 1;
	classes = {
	};
	objectVersion = 46;
	objects = {

/* Begin PBXBuildFile section */
		D20AE8021C42010B00237004 /* AppDelegate.swift in Sources */ = {isa = PBXBuildFile; fileRef = D20AE8011C42010B00237004 /* AppDelegate.swift */; };
		D20AE8041C42010B00237004 /* ViewController.swift in Sources */ = {isa = PBXBuildFile; fileRef = D20AE8031C42010B00237004 /* ViewController.swift */; };
		D20AE8071C42010B00237004 /* Main.storyboard in Resources */ = {isa = PBXBuildFile; fileRef = D20AE8051C42010B00237004 /* Main.storyboard */; };
		D20AE8091C42010B00237004 /* Assets.xcassets in Resources */ = {isa = PBXBuildFile; fileRef = D20AE8081C42010B00237004 /* Assets.xcassets */; };
		D20AE80C1C42010B00237004 /* LaunchScreen.storyboard in Resources */ = {isa = PBXBuildFile; fileRef = D20AE80A1C42010B00237004 /* LaunchScreen.storyboard */; };
		D20AE8141C4201E400237004 /* PKNotification.swift in Sources */ = {isa = PBXBuildFile; fileRef = D20AE8131C4201E400237004 /* PKNotification.swift */; };
/* End PBXBuildFile section */

/* Begin PBXFileReference section */
		D20AE7FE1C42010B00237004 /* Demo.app */ = {isa = PBXFileReference; explicitFileType = wrapper.application; includeInIndex = 0; path = Demo.app; sourceTree = BUILT_PRODUCTS_DIR; };
		D20AE8011C42010B00237004 /* AppDelegate.swift */ = {isa = PBXFileReference; lastKnownFileType = sourcecode.swift; path = AppDelegate.swift; sourceTree = "<group>"; };
		D20AE8031C42010B00237004 /* ViewController.swift */ = {isa = PBXFileReference; lastKnownFileType = sourcecode.swift; path = ViewController.swift; sourceTree = "<group>"; };
		D20AE8061C42010B00237004 /* Base */ = {isa = PBXFileReference; lastKnownFileType = file.storyboard; name = Base; path = Base.lproj/Main.storyboard; sourceTree = "<group>"; };
		D20AE8081C42010B00237004 /* Assets.xcassets */ = {isa = PBXFileReference; lastKnownFileType = folder.assetcatalog; path = Assets.xcassets; sourceTree = "<group>"; };
		D20AE80B1C42010B00237004 /* Base */ = {isa = PBXFileReference; lastKnownFileType = file.storyboard; name = Base; path = Base.lproj/LaunchScreen.storyboard; sourceTree = "<group>"; };
		D20AE80D1C42010B00237004 /* Info.plist */ = {isa = PBXFileReference; lastKnownFileType = text.plist.xml; path = Info.plist; sourceTree = "<group>"; };
		D20AE8131C4201E400237004 /* PKNotification.swift */ = {isa = PBXFileReference; fileEncoding = 4; lastKnownFileType = sourcecode.swift; name = PKNotification.swift; path = ../../PKNotification/PKNotification.swift; sourceTree = "<group>"; };
/* End PBXFileReference section */

/* Begin PBXFrameworksBuildPhase section */
		D20AE7FB1C42010B00237004 /* Frameworks */ = {
			isa = PBXFrameworksBuildPhase;
			buildActionMask = 2147483647;
			files = (
			);
			runOnlyForDeploymentPostprocessing = 0;
		};
/* End PBXFrameworksBuildPhase section */

/* Begin PBXGroup section */
		D20AE7F51C42010B00237004 = {
			isa = PBXGroup;
			children = (
				D20AE8001C42010B00237004 /* Demo */,
				D20AE7FF1C42010B00237004 /* Products */,
			);
			sourceTree = "<group>";
		};
		D20AE7FF1C42010B00237004 /* Products */ = {
			isa = PBXGroup;
			children = (
				D20AE7FE1C42010B00237004 /* Demo.app */,
			);
			name = Products;
			sourceTree = "<group>";
		};
		D20AE8001C42010B00237004 /* Demo */ = {
			isa = PBXGroup;
			children = (
				D20AE8131C4201E400237004 /* PKNotification.swift */,
				D20AE8011C42010B00237004 /* AppDelegate.swift */,
				D20AE8031C42010B00237004 /* ViewController.swift */,
				D20AE8051C42010B00237004 /* Main.storyboard */,
				D20AE8081C42010B00237004 /* Assets.xcassets */,
				D20AE80A1C42010B00237004 /* LaunchScreen.storyboard */,
				D20AE80D1C42010B00237004 /* Info.plist */,
			);
			path = Demo;
			sourceTree = "<group>";
		};
/* End PBXGroup section */

/* Begin PBXNativeTarget section */
		D20AE7FD1C42010B00237004 /* Demo */ = {
			isa = PBXNativeTarget;
			buildConfigurationList = D20AE8101C42010B00237004 /* Build configuration list for PBXNativeTarget "Demo" */;
			buildPhases = (
				D20AE7FA1C42010B00237004 /* Sources */,
				D20AE7FB1C42010B00237004 /* Frameworks */,
				D20AE7FC1C42010B00237004 /* Resources */,
			);
			buildRules = (
			);
			dependencies = (
			);
			name = Demo;
			productName = Demo;
			productReference = D20AE7FE1C42010B00237004 /* Demo.app */;
			productType = "com.apple.product-type.application";
		};
/* End PBXNativeTarget section */

/* Begin PBXProject section */
		D20AE7F61C42010B00237004 /* Project object */ = {
			isa = PBXProject;
			attributes = {
				LastSwiftUpdateCheck = 0710;
				LastUpgradeCheck = 0710;
				ORGANIZATIONNAME = hakopako;
				TargetAttributes = {
					D20AE7FD1C42010B00237004 = {
						CreatedOnToolsVersion = 7.1;
					};
				};
			};
			buildConfigurationList = D20AE7F91C42010B00237004 /* Build configuration list for PBXProject "Demo" */;
			compatibilityVersion = "Xcode 3.2";
			developmentRegion = English;
			hasScannedForEncodings = 0;
			knownRegions = (
				en,
				Base,
			);
			mainGroup = D20AE7F51C42010B00237004;
			productRefGroup = D20AE7FF1C42010B00237004 /* Products */;
			projectDirPath = "";
			projectRoot = "";
			targets = (
				D20AE7FD1C42010B00237004 /* Demo */,
			);
		};
/* End PBXProject section */

/* Begin PBXResourcesBuildPhase section */
		D20AE7FC1C42010B00237004 /* Resources */ = {
			isa = PBXResourcesBuildPhase;
			buildActionMask = 2147483647;
			files = (
				D20AE80C1C42010B00237004 /* LaunchScreen.storyboard in Resources */,
				D20AE8091C42010B00237004 /* Assets.xcassets in Resources */,
				D20AE8071C42010B00237004 /* Main.storyboard in Resources */,
			);
			runOnlyForDeploymentPostprocessing = 0;
		};
/* End PBXResourcesBuildPhase section */

/* Begin PBXSourcesBuildPhase section */
		D20AE7FA1C42010B00237004 /* Sources */ = {
			isa = PBXSourcesBuildPhase;
			buildActionMask = 2147483647;
			files = (
				D20AE8041C42010B00237004 /* ViewController.swift in Sources */,
				D20AE8021C42010B00237004 /* AppDelegate.swift in Sources */,
				D20AE8141C4201E400237004 /* PKNotification.swift in Sources */,
			);
			runOnlyForDeploymentPostprocessing = 0;
		};
/* End PBXSourcesBuildPhase section */

/* Begin PBXVariantGroup section */
		D20AE8051C42010B00237004 /* Main.storyboard */ = {
			isa = PBXVariantGroup;
			children = (
				D20AE8061C42010B00237004 /* Base */,
			);
			name = Main.storyboard;
			sourceTree = "<group>";
		};
		D20AE80A1C42010B00237004 /* LaunchScreen.storyboard */ = {
			isa = PBXVariantGroup;
			children = (
				D20AE80B1C42010B00237004 /* Base */,
			);
			name = LaunchScreen.storyboard;
			sourceTree = "<group>";
		};
/* End PBXVariantGroup section */

/* Begin XCBuildConfiguration section */
		D20AE80E1C42010B00237004 /* Debug */ = {
			isa = XCBuildConfiguration;
			buildSettings = {
				ALWAYS_SEARCH_USER_PATHS = NO;
				CLANG_CXX_LANGUAGE_STANDARD = "gnu++0x";
				CLANG_CXX_LIBRARY = "libc++";
				CLANG_ENABLE_MODULES = YES;
				CLANG_ENABLE_OBJC_ARC = YES;
				CLANG_WARN_BOOL_CONVERSION = YES;
				CLANG_WARN_CONSTANT_CONVERSION = YES;
				CLANG_WARN_DIRECT_OBJC_ISA_USAGE = YES_ERROR;
				CLANG_WARN_EMPTY_BODY = YES;
				CLANG_WARN_ENUM_CONVERSION = YES;
				CLANG_WARN_INT_CONVERSION = YES;
				CLANG_WARN_OBJC_ROOT_CLASS = YES_ERROR;
				CLANG_WARN_UNREACHABLE_CODE = YES;
				CLANG_WARN__DUPLICATE_METHOD_MATCH = YES;
				"CODE_SIGN_IDENTITY[sdk=iphoneos*]" = "iPhone Developer";
				COPY_PHASE_STRIP = NO;
				DEBUG_INFORMATION_FORMAT = dwarf;
				ENABLE_STRICT_OBJC_MSGSEND = YES;
				ENABLE_TESTABILITY = YES;
				GCC_C_LANGUAGE_STANDARD = gnu99;
				GCC_DYNAMIC_NO_PIC = NO;
				GCC_NO_COMMON_BLOCKS = YES;
				GCC_OPTIMIZATION_LEVEL = 0;
				GCC_PREPROCESSOR_DEFINITIONS = (
					"DEBUG=1",
					"$(inherited)",
				);
				GCC_WARN_64_TO_32_BIT_CONVERSION = YES;
				GCC_WARN_ABOUT_RETURN_TYPE = YES_ERROR;
				GCC_WARN_UNDECLARED_SELECTOR = YES;
				GCC_WARN_UNINITIALIZED_AUTOS = YES_AGGRESSIVE;
				GCC_WARN_UNUSED_FUNCTION = YES;
				GCC_WARN_UNUSED_VARIABLE = YES;
				IPHONEOS_DEPLOYMENT_TARGET = 9.1;
				MTL_ENABLE_DEBUG_INFO = YES;
				ONLY_ACTIVE_ARCH = YES;
				SDKROOT = iphoneos;
				SWIFT_OPTIMIZATION_LEVEL = "-Onone";
				TARGETED_DEVICE_FAMILY = "1,2";
			};
			name = Debug;
		};
		D20AE80F1C42010B00237004 /* Release */ = {
			isa = XCBuildConfiguration;
			buildSettings = {
				ALWAYS_SEARCH_USER_PATHS = NO;
				CLANG_CXX_LANGUAGE_STANDARD = "gnu++0x";
				CLANG_CXX_LIBRARY = "libc++";
				CLANG_ENABLE_MODULES = YES;
				CLANG_ENABLE_OBJC_ARC = YES;
				CLANG_WARN_BOOL_CONVERSION = YES;
				CLANG_WARN_CONSTANT_CONVERSION = YES;
				CLANG_WARN_DIRECT_OBJC_ISA_USAGE = YES_ERROR;
				CLANG_WARN_EMPTY_BODY = YES;
				CLANG_WARN_ENUM_CONVERSION = YES;
				CLANG_WARN_INT_CONVERSION = YES;
				CLANG_WARN_OBJC_ROOT_CLASS = YES_ERROR;
				CLANG_WARN_UNREACHABLE_CODE = YES;
				CLANG_WARN__DUPLICATE_METHOD_MATCH = YES;
				"CODE_SIGN_IDENTITY[sdk=iphoneos*]" = "iPhone Developer";
				COPY_PHASE_STRIP = NO;
				DEBUG_INFORMATION_FORMAT = "dwarf-with-dsym";
				ENABLE_NS_ASSERTIONS = NO;
				ENABLE_STRICT_OBJC_MSGSEND = YES;
				GCC_C_LANGUAGE_STANDARD = gnu99;
				GCC_NO_COMMON_BLOCKS = YES;
				GCC_WARN_64_TO_32_BIT_CONVERSION = YES;
				GCC_WARN_ABOUT_RETURN_TYPE = YES_ERROR;
				GCC_WARN_UNDECLARED_SELECTOR = YES;
				GCC_WARN_UNINITIALIZED_AUTOS = YES_AGGRESSIVE;
				GCC_WARN_UNUSED_FUNCTION = YES;
				GCC_WARN_UNUSED_VARIABLE = YES;
				IPHONEOS_DEPLOYMENT_TARGET = 9.1;
				MTL_ENABLE_DEBUG_INFO = NO;
				SDKROOT = iphoneos;
				TARGETED_DEVICE_FAMILY = "1,2";
				VALIDATE_PRODUCT = YES;
			};
			name = Release;
		};
		D20AE8111C42010B00237004 /* Debug */ = {
			isa = XCBuildConfiguration;
			buildSettings = {
				ASSETCATALOG_COMPILER_APPICON_NAME = AppIcon;
				INFOPLIST_FILE = Demo/Info.plist;
				IPHONEOS_DEPLOYMENT_TARGET = 8.0;
				LD_RUNPATH_SEARCH_PATHS = "$(inherited) @executable_path/Frameworks";
				PRODUCT_BUNDLE_IDENTIFIER = com.hakopako.Demo;
				PRODUCT_NAME = "$(TARGET_NAME)";
			};
			name = Debug;
		};
		D20AE8121C42010B00237004 /* Release */ = {
			isa = XCBuildConfiguration;
			buildSettings = {
				ASSETCATALOG_COMPILER_APPICON_NAME = AppIcon;
				INFOPLIST_FILE = Demo/Info.plist;
				IPHONEOS_DEPLOYMENT_TARGET = 8.0;
				LD_RUNPATH_SEARCH_PATHS = "$(inherited) @executable_path/Frameworks";
				PRODUCT_BUNDLE_IDENTIFIER = com.hakopako.Demo;
				PRODUCT_NAME = "$(TARGET_NAME)";
			};
			name = Release;
		};
/* End XCBuildConfiguration section */

/* Begin XCConfigurationList section */
		D20AE7F91C42010B00237004 /* Build configuration list for PBXProject "Demo" */ = {
			isa = XCConfigurationList;
			buildConfigurations = (
				D20AE80E1C42010B00237004 /* Debug */,
				D20AE80F1C42010B00237004 /* Release */,
			);
			defaultConfigurationIsVisible = 0;
			defaultConfigurationName = Release;
		};
		D20AE8101C42010B00237004 /* Build configuration list for PBXNativeTarget "Demo" */ = {
			isa = XCConfigurationList;
			buildConfigurations = (
				D20AE8111C42010B00237004 /* Debug */,
				D20AE8121C42010B00237004 /* Release */,
			);
			defaultConfigurationIsVisible = 0;
			defaultConfigurationName = Release;
		};
/* End XCConfigurationList section */
	};
	rootObject = D20AE7F61C42010B00237004 /* Project object */;
}
